
Microsoft Visual Studio Solution File, Format Version 12.00
# Visual Studio 15
VisualStudioVersion = 15.0.28307.136
MinimumVisualStudioVersion = 10.0.40219.1
Project("{FAE04EC0-301F-11D3-BF4B-00C04F79EFBC}") = "MaskEntry.Android", "MaskEntry\MaskEntry.Android\MaskEntry.Android.csproj", "{70EE87EF-EFEB-46E1-AA32-C08DA08D0F9C}"
EndProject
Project("{FAE04EC0-301F-11D3-BF4B-00C04F79EFBC}") = "MaskEntry.iOS", "MaskEntry\MaskEntry.iOS\MaskEntry.iOS.csproj", "{85BC1DA5-4E99-4699-91E0-9053637DE492}"
EndProject
Project("{FAE04EC0-301F-11D3-BF4B-00C04F79EFBC}") = "MaskEntry.UWP", "MaskEntry\MaskEntry.UWP\MaskEntry.UWP.csproj", "{B6733C22-CFC1-451A-9B87-DB1B1943C4C5}"
EndProject
Project("{FAE04EC0-301F-11D3-BF4B-00C04F79EFBC}") = "MaskEntry", "MaskEntry\MaskEntry\MaskEntry.csproj", "{E344DB79-6D56-414F-9F0D-655991E7D36F}"
EndProject
Global
	GlobalSection(SolutionConfigurationPlatforms) = preSolution
		Ad-Hoc|Any CPU = Ad-Hoc|Any CPU
		Ad-Hoc|ARM = Ad-Hoc|ARM
		Ad-Hoc|iPhone = Ad-Hoc|iPhone
		Ad-Hoc|iPhoneSimulator = Ad-Hoc|iPhoneSimulator
		Ad-Hoc|x64 = Ad-Hoc|x64
		Ad-Hoc|x86 = Ad-Hoc|x86
		AppStore|Any CPU = AppStore|Any CPU
		AppStore|ARM = AppStore|ARM
		AppStore|iPhone = AppStore|iPhone
		AppStore|iPhoneSimulator = AppStore|iPhoneSimulator
		AppStore|x64 = AppStore|x64
		AppStore|x86 = AppStore|x86
		Debug|Any CPU = Debug|Any CPU
		Debug|ARM = Debug|ARM
		Debug|iPhone = Debug|iPhone
		Debug|iPhoneSimulator = Debug|iPhoneSimulator
		Debug|x64 = Debug|x64
		Debug|x86 = Debug|x86
		Release|Any CPU = Release|Any CPU
		Release|ARM = Release|ARM
		Release|iPhone = Release|iPhone
		Release|iPhoneSimulator = Release|iPhoneSimulator
		Release|x64 = Release|x64
		Release|x86 = Release|x86
	EndGlobalSection
	GlobalSection(ProjectConfigurationPlatforms) = postSolution
		{70EE87EF-EFEB-46E1-AA32-C08DA08D0F9C}.Ad-Hoc|Any CPU.ActiveCfg = Release|Any CPU
		{70EE87EF-EFEB-46E1-AA32-C08DA08D0F9C}.Ad-Hoc|Any CPU.Build.0 = Release|Any CPU
		{70EE87EF-EFEB-46E1-AA32-C08DA08D0F9C}.Ad-Hoc|Any CPU.Deploy.0 = Release|Any CPU
		{70EE87EF-EFEB-46E1-AA32-C08DA08D0F9C}.Ad-Hoc|ARM.ActiveCfg = Release|Any CPU
		{70EE87EF-EFEB-46E1-AA32-C08DA08D0F9C}.Ad-Hoc|ARM.Build.0 = Release|Any CPU
		{70EE87EF-EFEB-46E1-AA32-C08DA08D0F9C}.Ad-Hoc|ARM.Deploy.0 = Release|Any CPU
		{70EE87EF-EFEB-46E1-AA32-C08DA08D0F9C}.Ad-Hoc|iPhone.ActiveCfg = Release|Any CPU
		{70EE87EF-EFEB-46E1-AA32-C08DA08D0F9C}.Ad-Hoc|iPhone.Build.0 = Release|Any CPU
		{70EE87EF-EFEB-46E1-AA32-C08DA08D0F9C}.Ad-Hoc|iPhone.Deploy.0 = Release|Any CPU
		{70EE87EF-EFEB-46E1-AA32-C08DA08D0F9C}.Ad-Hoc|iPhoneSimulator.ActiveCfg = Release|Any CPU
		{70EE87EF-EFEB-46E1-AA32-C08DA08D0F9C}.Ad-Hoc|iPhoneSimulator.Build.0 = Release|Any CPU
		{70EE87EF-EFEB-46E1-AA32-C08DA08D0F9C}.Ad-Hoc|iPhoneSimulator.Deploy.0 = Release|Any CPU
		{70EE87EF-EFEB-46E1-AA32-C08DA08D0F9C}.Ad-Hoc|x64.ActiveCfg = Release|Any CPU
		{70EE87EF-EFEB-46E1-AA32-C08DA08D0F9C}.Ad-Hoc|x64.Build.0 = Release|Any CPU
		{70EE87EF-EFEB-46E1-AA32-C08DA08D0F9C}.Ad-Hoc|x64.Deploy.0 = Release|Any CPU
		{70EE87EF-EFEB-46E1-AA32-C08DA08D0F9C}.Ad-Hoc|x86.ActiveCfg = Release|Any CPU
		{70EE87EF-EFEB-46E1-AA32-C08DA08D0F9C}.Ad-Hoc|x86.Build.0 = Release|Any CPU
		{70EE87EF-EFEB-46E1-AA32-C08DA08D0F9C}.Ad-Hoc|x86.Deploy.0 = Release|Any CPU
		{70EE87EF-EFEB-46E1-AA32-C08DA08D0F9C}.AppStore|Any CPU.ActiveCfg = Release|Any CPU
		{70EE87EF-EFEB-46E1-AA32-C08DA08D0F9C}.AppStore|Any CPU.Build.0 = Release|Any CPU
		{70EE87EF-EFEB-46E1-AA32-C08DA08D0F9C}.AppStore|Any CPU.Deploy.0 = Release|Any CPU
		{70EE87EF-EFEB-46E1-AA32-C08DA08D0F9C}.AppStore|ARM.ActiveCfg = Release|Any CPU
		{70EE87EF-EFEB-46E1-AA32-C08DA08D0F9C}.AppStore|ARM.Build.0 = Release|Any CPU
		{70EE87EF-EFEB-46E1-AA32-C08DA08D0F9C}.AppStore|ARM.Deploy.0 = Release|Any CPU
		{70EE87EF-EFEB-46E1-AA32-C08DA08D0F9C}.AppStore|iPhone.ActiveCfg = Release|Any CPU
		{70EE87EF-EFEB-46E1-AA32-C08DA08D0F9C}.AppStore|iPhone.Build.0 = Release|Any CPU
		{70EE87EF-EFEB-46E1-AA32-C08DA08D0F9C}.AppStore|iPhone.Deploy.0 = Release|Any CPU
		{70EE87EF-EFEB-46E1-AA32-C08DA08D0F9C}.AppStore|iPhoneSimulator.ActiveCfg = Release|Any CPU
		{70EE87EF-EFEB-46E1-AA32-C08DA08D0F9C}.AppStore|iPhoneSimulator.Build.0 = Release|Any CPU
		{70EE87EF-EFEB-46E1-AA32-C08DA08D0F9C}.AppStore|iPhoneSimulator.Deploy.0 = Release|Any CPU
		{70EE87EF-EFEB-46E1-AA32-C08DA08D0F9C}.AppStore|x64.ActiveCfg = Release|Any CPU
		{70EE87EF-EFEB-46E1-AA32-C08DA08D0F9C}.AppStore|x64.Build.0 = Release|Any CPU
		{70EE87EF-EFEB-46E1-AA32-C08DA08D0F9C}.AppStore|x64.Deploy.0 = Release|Any CPU
		{70EE87EF-EFEB-46E1-AA32-C08DA08D0F9C}.AppStore|x86.ActiveCfg = Release|Any CPU
		{70EE87EF-EFEB-46E1-AA32-C08DA08D0F9C}.AppStore|x86.Build.0 = Release|Any CPU
		{70EE87EF-EFEB-46E1-AA32-C08DA08D0F9C}.AppStore|x86.Deploy.0 = Release|Any CPU
		{70EE87EF-EFEB-46E1-AA32-C08DA08D0F9C}.Debug|Any CPU.ActiveCfg = Debug|Any CPU
		{70EE87EF-EFEB-46E1-AA32-C08DA08D0F9C}.Debug|Any CPU.Build.0 = Debug|Any CPU
		{70EE87EF-EFEB-46E1-AA32-C08DA08D0F9C}.Debug|Any CPU.Deploy.0 = Debug|Any CPU
		{70EE87EF-EFEB-46E1-AA32-C08DA08D0F9C}.Debug|ARM.ActiveCfg = Debug|Any CPU
		{70EE87EF-EFEB-46E1-AA32-C08DA08D0F9C}.Debug|ARM.Build.0 = Debug|Any CPU
		{70EE87EF-EFEB-46E1-AA32-C08DA08D0F9C}.Debug|ARM.Deploy.0 = Debug|Any CPU
		{70EE87EF-EFEB-46E1-AA32-C08DA08D0F9C}.Debug|iPhone.ActiveCfg = Debug|Any CPU
		{70EE87EF-EFEB-46E1-AA32-C08DA08D0F9C}.Debug|iPhone.Build.0 = Debug|Any CPU
		{70EE87EF-EFEB-46E1-AA32-C08DA08D0F9C}.Debug|iPhone.Deploy.0 = Debug|Any CPU
		{70EE87EF-EFEB-46E1-AA32-C08DA08D0F9C}.Debug|iPhoneSimulator.ActiveCfg = Debug|Any CPU
		{70EE87EF-EFEB-46E1-AA32-C08DA08D0F9C}.Debug|iPhoneSimulator.Build.0 = Debug|Any CPU
		{70EE87EF-EFEB-46E1-AA32-C08DA08D0F9C}.Debug|iPhoneSimulator.Deploy.0 = Debug|Any CPU
		{70EE87EF-EFEB-46E1-AA32-C08DA08D0F9C}.Debug|x64.ActiveCfg = Debug|Any CPU
		{70EE87EF-EFEB-46E1-AA32-C08DA08D0F9C}.Debug|x64.Build.0 = Debug|Any CPU
		{70EE87EF-EFEB-46E1-AA32-C08DA08D0F9C}.Debug|x64.Deploy.0 = Debug|Any CPU
		{70EE87EF-EFEB-46E1-AA32-C08DA08D0F9C}.Debug|x86.ActiveCfg = Debug|Any CPU
		{70EE87EF-EFEB-46E1-AA32-C08DA08D0F9C}.Debug|x86.Build.0 = Debug|Any CPU
		{70EE87EF-EFEB-46E1-AA32-C08DA08D0F9C}.Debug|x86.Deploy.0 = Debug|Any CPU
		{70EE87EF-EFEB-46E1-AA32-C08DA08D0F9C}.Release|Any CPU.ActiveCfg = Release|Any CPU
		{70EE87EF-EFEB-46E1-AA32-C08DA08D0F9C}.Release|Any CPU.Build.0 = Release|Any CPU
		{70EE87EF-EFEB-46E1-AA32-C08DA08D0F9C}.Release|Any CPU.Deploy.0 = Release|Any CPU
		{70EE87EF-EFEB-46E1-AA32-C08DA08D0F9C}.Release|ARM.ActiveCfg = Release|Any CPU
		{70EE87EF-EFEB-46E1-AA32-C08DA08D0F9C}.Release|ARM.Build.0 = Release|Any CPU
		{70EE87EF-EFEB-46E1-AA32-C08DA08D0F9C}.Release|ARM.Deploy.0 = Release|Any CPU
		{70EE87EF-EFEB-46E1-AA32-C08DA08D0F9C}.Release|iPhone.ActiveCfg = Release|Any CPU
		{70EE87EF-EFEB-46E1-AA32-C08DA08D0F9C}.Release|iPhone.Build.0 = Release|Any CPU
		{70EE87EF-EFEB-46E1-AA32-C08DA08D0F9C}.Release|iPhone.Deploy.0 = Release|Any CPU
		{70EE87EF-EFEB-46E1-AA32-C08DA08D0F9C}.Release|iPhoneSimulator.ActiveCfg = Release|Any CPU
		{70EE87EF-EFEB-46E1-AA32-C08DA08D0F9C}.Release|iPhoneSimulator.Build.0 = Release|Any CPU
		{70EE87EF-EFEB-46E1-AA32-C08DA08D0F9C}.Release|iPhoneSimulator.Deploy.0 = Release|Any CPU
		{70EE87EF-EFEB-46E1-AA32-C08DA08D0F9C}.Release|x64.ActiveCfg = Release|Any CPU
		{70EE87EF-EFEB-46E1-AA32-C08DA08D0F9C}.Release|x64.Build.0 = Release|Any CPU
		{70EE87EF-EFEB-46E1-AA32-C08DA08D0F9C}.Release|x64.Deploy.0 = Release|Any CPU
		{70EE87EF-EFEB-46E1-AA32-C08DA08D0F9C}.Release|x86.ActiveCfg = Release|Any CPU
		{70EE87EF-EFEB-46E1-AA32-C08DA08D0F9C}.Release|x86.Build.0 = Release|Any CPU
		{70EE87EF-EFEB-46E1-AA32-C08DA08D0F9C}.Release|x86.Deploy.0 = Release|Any CPU
		{85BC1DA5-4E99-4699-91E0-9053637DE492}.Ad-Hoc|Any CPU.ActiveCfg = Ad-Hoc|iPhone
		{85BC1DA5-4E99-4699-91E0-9053637DE492}.Ad-Hoc|Any CPU.Build.0 = Ad-Hoc|iPhone
		{85BC1DA5-4E99-4699-91E0-9053637DE492}.Ad-Hoc|Any CPU.Deploy.0 = Ad-Hoc|iPhone
		{85BC1DA5-4E99-4699-91E0-9053637DE492}.Ad-Hoc|ARM.ActiveCfg = Ad-Hoc|iPhone
		{85BC1DA5-4E99-4699-91E0-9053637DE492}.Ad-Hoc|ARM.Build.0 = Ad-Hoc|iPhone
		{85BC1DA5-4E99-4699-91E0-9053637DE492}.Ad-Hoc|ARM.Deploy.0 = Ad-Hoc|iPhone
		{85BC1DA5-4E99-4699-91E0-9053637DE492}.Ad-Hoc|iPhone.ActiveCfg = Ad-Hoc|iPhone
		{85BC1DA5-4E99-4699-91E0-9053637DE492}.Ad-Hoc|iPhone.Build.0 = Ad-Hoc|iPhone
		{85BC1DA5-4E99-4699-91E0-9053637DE492}.Ad-Hoc|iPhone.Deploy.0 = Ad-Hoc|iPhone
		{85BC1DA5-4E99-4699-91E0-9053637DE492}.Ad-Hoc|iPhoneSimulator.ActiveCfg = Ad-Hoc|iPhoneSimulator
		{85BC1DA5-4E99-4699-91E0-9053637DE492}.Ad-Hoc|iPhoneSimulator.Build.0 = Ad-Hoc|iPhoneSimulator
		{85BC1DA5-4E99-4699-91E0-9053637DE492}.Ad-Hoc|iPhoneSimulator.Deploy.0 = Ad-Hoc|iPhoneSimulator
		{85BC1DA5-4E99-4699-91E0-9053637DE492}.Ad-Hoc|x64.ActiveCfg = Ad-Hoc|iPhone
		{85BC1DA5-4E99-4699-91E0-9053637DE492}.Ad-Hoc|x64.Build.0 = Ad-Hoc|iPhone
		{85BC1DA5-4E99-4699-91E0-9053637DE492}.Ad-Hoc|x64.Deploy.0 = Ad-Hoc|iPhone
		{85BC1DA5-4E99-4699-91E0-9053637DE492}.Ad-Hoc|x86.ActiveCfg = Ad-Hoc|iPhone
		{85BC1DA5-4E99-4699-91E0-9053637DE492}.Ad-Hoc|x86.Build.0 = Ad-Hoc|iPhone
		{85BC1DA5-4E99-4699-91E0-9053637DE492}.Ad-Hoc|x86.Deploy.0 = Ad-Hoc|iPhone
		{85BC1DA5-4E99-4699-91E0-9053637DE492}.AppStore|Any CPU.ActiveCfg = AppStore|iPhone
		{85BC1DA5-4E99-4699-91E0-9053637DE492}.AppStore|Any CPU.Build.0 = AppStore|iPhone
		{85BC1DA5-4E99-4699-91E0-9053637DE492}.AppStore|Any CPU.Deploy.0 = AppStore|iPhone
		{85BC1DA5-4E99-4699-91E0-9053637DE492}.AppStore|ARM.ActiveCfg = AppStore|iPhone
		{85BC1DA5-4E99-4699-91E0-9053637DE492}.AppStore|ARM.Build.0 = AppStore|iPhone
		{85BC1DA5-4E99-4699-91E0-9053637DE492}.AppStore|ARM.Deploy.0 = AppStore|iPhone
		{85BC1DA5-4E99-4699-91E0-9053637DE492}.AppStore|iPhone.ActiveCfg = AppStore|iPhone
		{85BC1DA5-4E99-4699-91E0-9053637DE492}.AppStore|iPhone.Build.0 = AppStore|iPhone
		{85BC1DA5-4E99-4699-91E0-9053637DE492}.AppStore|iPhone.Deploy.0 = AppStore|iPhone
		{85BC1DA5-4E99-4699-91E0-9053637DE492}.AppStore|iPhoneSimulator.ActiveCfg = AppStore|iPhoneSimulator
		{85BC1DA5-4E99-4699-91E0-9053637DE492}.AppStore|iPhoneSimulator.Build.0 = AppStore|iPhoneSimulator
		{85BC1DA5-4E99-4699-91E0-9053637DE492}.AppStore|iPhoneSimulator.Deploy.0 = AppStore|iPhoneSimulator
		{85BC1DA5-4E99-4699-91E0-9053637DE492}.AppStore|x64.ActiveCfg = AppStore|iPhone
		{85BC1DA5-4E99-4699-91E0-9053637DE492}.AppStore|x64.Build.0 = AppStore|iPhone
		{85BC1DA5-4E99-4699-91E0-9053637DE492}.AppStore|x64.Deploy.0 = AppStore|iPhone
		{85BC1DA5-4E99-4699-91E0-9053637DE492}.AppStore|x86.ActiveCfg = AppStore|iPhone
		{85BC1DA5-4E99-4699-91E0-9053637DE492}.AppStore|x86.Build.0 = AppStore|iPhone
		{85BC1DA5-4E99-4699-91E0-9053637DE492}.AppStore|x86.Deploy.0 = AppStore|iPhone
		{85BC1DA5-4E99-4699-91E0-9053637DE492}.Debug|Any CPU.ActiveCfg = Debug|iPhoneSimulator
		{85BC1DA5-4E99-4699-91E0-9053637DE492}.Debug|Any CPU.Build.0 = Debug|iPhoneSimulator
		{85BC1DA5-4E99-4699-91E0-9053637DE492}.Debug|Any CPU.Deploy.0 = Debug|iPhoneSimulator
		{85BC1DA5-4E99-4699-91E0-9053637DE492}.Debug|ARM.ActiveCfg = Debug|iPhone
		{85BC1DA5-4E99-4699-91E0-9053637DE492}.Debug|ARM.Build.0 = Debug|iPhone
		{85BC1DA5-4E99-4699-91E0-9053637DE492}.Debug|ARM.Deploy.0 = Debug|iPhone
		{85BC1DA5-4E99-4699-91E0-9053637DE492}.Debug|iPhone.ActiveCfg = Debug|iPhone
		{85BC1DA5-4E99-4699-91E0-9053637DE492}.Debug|iPhone.Build.0 = Debug|iPhone
		{85BC1DA5-4E99-4699-91E0-9053637DE492}.Debug|iPhone.Deploy.0 = Debug|iPhone
		{85BC1DA5-4E99-4699-91E0-9053637DE492}.Debug|iPhoneSimulator.ActiveCfg = Debug|iPhoneSimulator
		{85BC1DA5-4E99-4699-91E0-9053637DE492}.Debug|iPhoneSimulator.Build.0 = Debug|iPhoneSimulator
		{85BC1DA5-4E99-4699-91E0-9053637DE492}.Debug|iPhoneSimulator.Deploy.0 = Debug|iPhoneSimulator
		{85BC1DA5-4E99-4699-91E0-9053637DE492}.Debug|x64.ActiveCfg = Debug|iPhone
		{85BC1DA5-4E99-4699-91E0-9053637DE492}.Debug|x64.Build.0 = Debug|iPhone
		{85BC1DA5-4E99-4699-91E0-9053637DE492}.Debug|x64.Deploy.0 = Debug|iPhone
		{85BC1DA5-4E99-4699-91E0-9053637DE492}.Debug|x86.ActiveCfg = Debug|iPhone
		{85BC1DA5-4E99-4699-91E0-9053637DE492}.Debug|x86.Build.0 = Debug|iPhone
		{85BC1DA5-4E99-4699-91E0-9053637DE492}.Debug|x86.Deploy.0 = Debug|iPhone
		{85BC1DA5-4E99-4699-91E0-9053637DE492}.Release|Any CPU.ActiveCfg = Release|iPhone
		{85BC1DA5-4E99-4699-91E0-9053637DE492}.Release|Any CPU.Build.0 = Release|iPhone
		{85BC1DA5-4E99-4699-91E0-9053637DE492}.Release|Any CPU.Deploy.0 = Release|iPhone
		{85BC1DA5-4E99-4699-91E0-9053637DE492}.Release|ARM.ActiveCfg = Release|iPhone
		{85BC1DA5-4E99-4699-91E0-9053637DE492}.Release|ARM.Build.0 = Release|iPhone
		{85BC1DA5-4E99-4699-91E0-9053637DE492}.Release|ARM.Deploy.0 = Release|iPhone
		{85BC1DA5-4E99-4699-91E0-9053637DE492}.Release|iPhone.ActiveCfg = Release|iPhone
		{85BC1DA5-4E99-4699-91E0-9053637DE492}.Release|iPhone.Build.0 = Release|iPhone
		{85BC1DA5-4E99-4699-91E0-9053637DE492}.Release|iPhone.Deploy.0 = Release|iPhone
		{85BC1DA5-4E99-4699-91E0-9053637DE492}.Release|iPhoneSimulator.ActiveCfg = Release|iPhoneSimulator
		{85BC1DA5-4E99-4699-91E0-9053637DE492}.Release|iPhoneSimulator.Build.0 = Release|iPhoneSimulator
		{85BC1DA5-4E99-4699-91E0-9053637DE492}.Release|iPhoneSimulator.Deploy.0 = Release|iPhoneSimulator
		{85BC1DA5-4E99-4699-91E0-9053637DE492}.Release|x64.ActiveCfg = Release|iPhone
		{85BC1DA5-4E99-4699-91E0-9053637DE492}.Release|x64.Build.0 = Release|iPhone
		{85BC1DA5-4E99-4699-91E0-9053637DE492}.Release|x64.Deploy.0 = Release|iPhone
		{85BC1DA5-4E99-4699-91E0-9053637DE492}.Release|x86.ActiveCfg = Release|iPhone
		{85BC1DA5-4E99-4699-91E0-9053637DE492}.Release|x86.Build.0 = Release|iPhone
		{85BC1DA5-4E99-4699-91E0-9053637DE492}.Release|x86.Deploy.0 = Release|iPhone
		{B6733C22-CFC1-451A-9B87-DB1B1943C4C5}.Ad-Hoc|Any CPU.ActiveCfg = Release|x86
		{B6733C22-CFC1-451A-9B87-DB1B1943C4C5}.Ad-Hoc|Any CPU.Build.0 = Release|x86
		{B6733C22-CFC1-451A-9B87-DB1B1943C4C5}.Ad-Hoc|Any CPU.Deploy.0 = Release|x86
		{B6733C22-CFC1-451A-9B87-DB1B1943C4C5}.Ad-Hoc|ARM.ActiveCfg = Release|ARM
		{B6733C22-CFC1-451A-9B87-DB1B1943C4C5}.Ad-Hoc|ARM.Build.0 = Release|ARM
		{B6733C22-CFC1-451A-9B87-DB1B1943C4C5}.Ad-Hoc|ARM.Deploy.0 = Release|ARM
		{B6733C22-CFC1-451A-9B87-DB1B1943C4C5}.Ad-Hoc|iPhone.ActiveCfg = Release|x86
		{B6733C22-CFC1-451A-9B87-DB1B1943C4C5}.Ad-Hoc|iPhone.Build.0 = Release|x86
		{B6733C22-CFC1-451A-9B87-DB1B1943C4C5}.Ad-Hoc|iPhone.Deploy.0 = Release|x86
		{B6733C22-CFC1-451A-9B87-DB1B1943C4C5}.Ad-Hoc|iPhoneSimulator.ActiveCfg = Release|x86
		{B6733C22-CFC1-451A-9B87-DB1B1943C4C5}.Ad-Hoc|iPhoneSimulator.Build.0 = Release|x86
		{B6733C22-CFC1-451A-9B87-DB1B1943C4C5}.Ad-Hoc|iPhoneSimulator.Deploy.0 = Release|x86
		{B6733C22-CFC1-451A-9B87-DB1B1943C4C5}.Ad-Hoc|x64.ActiveCfg = Release|x64
		{B6733C22-CFC1-451A-9B87-DB1B1943C4C5}.Ad-Hoc|x64.Build.0 = Release|x64
		{B6733C22-CFC1-451A-9B87-DB1B1943C4C5}.Ad-Hoc|x64.Deploy.0 = Release|x64
		{B6733C22-CFC1-451A-9B87-DB1B1943C4C5}.Ad-Hoc|x86.ActiveCfg = Release|x86
		{B6733C22-CFC1-451A-9B87-DB1B1943C4C5}.Ad-Hoc|x86.Build.0 = Release|x86
		{B6733C22-CFC1-451A-9B87-DB1B1943C4C5}.Ad-Hoc|x86.Deploy.0 = Release|x86
		{B6733C22-CFC1-451A-9B87-DB1B1943C4C5}.AppStore|Any CPU.ActiveCfg = Release|x86
		{B6733C22-CFC1-451A-9B87-DB1B1943C4C5}.AppStore|Any CPU.Build.0 = Release|x86
		{B6733C22-CFC1-451A-9B87-DB1B1943C4C5}.AppStore|Any CPU.Deploy.0 = Release|x86
		{B6733C22-CFC1-451A-9B87-DB1B1943C4C5}.AppStore|ARM.ActiveCfg = Release|ARM
		{B6733C22-CFC1-451A-9B87-DB1B1943C4C5}.AppStore|ARM.Build.0 = Release|ARM
		{B6733C22-CFC1-451A-9B87-DB1B1943C4C5}.AppStore|ARM.Deploy.0 = Release|ARM
		{B6733C22-CFC1-451A-9B87-DB1B1943C4C5}.AppStore|iPhone.ActiveCfg = Release|x86
		{B6733C22-CFC1-451A-9B87-DB1B1943C4C5}.AppStore|iPhone.Build.0 = Release|x86
		{B6733C22-CFC1-451A-9B87-DB1B1943C4C5}.AppStore|iPhone.Deploy.0 = Release|x86
		{B6733C22-CFC1-451A-9B87-DB1B1943C4C5}.AppStore|iPhoneSimulator.ActiveCfg = Release|x86
		{B6733C22-CFC1-451A-9B87-DB1B1943C4C5}.AppStore|iPhoneSimulator.Build.0 = Release|x86
		{B6733C22-CFC1-451A-9B87-DB1B1943C4C5}.AppStore|iPhoneSimulator.Deploy.0 = Release|x86
		{B6733C22-CFC1-451A-9B87-DB1B1943C4C5}.AppStore|x64.ActiveCfg = Release|x64
		{B6733C22-CFC1-451A-9B87-DB1B1943C4C5}.AppStore|x64.Build.0 = Release|x64
		{B6733C22-CFC1-451A-9B87-DB1B1943C4C5}.AppStore|x64.Deploy.0 = Release|x64
		{B6733C22-CFC1-451A-9B87-DB1B1943C4C5}.AppStore|x86.ActiveCfg = Release|x86
		{B6733C22-CFC1-451A-9B87-DB1B1943C4C5}.AppStore|x86.Build.0 = Release|x86
		{B6733C22-CFC1-451A-9B87-DB1B1943C4C5}.AppStore|x86.Deploy.0 = Release|x86
		{B6733C22-CFC1-451A-9B87-DB1B1943C4C5}.Debug|Any CPU.ActiveCfg = Debug|x86
		{B6733C22-CFC1-451A-9B87-DB1B1943C4C5}.Debug|Any CPU.Build.0 = Debug|x86
		{B6733C22-CFC1-451A-9B87-DB1B1943C4C5}.Debug|Any CPU.Deploy.0 = Debug|x86
		{B6733C22-CFC1-451A-9B87-DB1B1943C4C5}.Debug|ARM.ActiveCfg = Debug|ARM
		{B6733C22-CFC1-451A-9B87-DB1B1943C4C5}.Debug|ARM.Build.0 = Debug|ARM
		{B6733C22-CFC1-451A-9B87-DB1B1943C4C5}.Debug|ARM.Deploy.0 = Debug|ARM
		{B6733C22-CFC1-451A-9B87-DB1B1943C4C5}.Debug|iPhone.ActiveCfg = Debug|x86
		{B6733C22-CFC1-451A-9B87-DB1B1943C4C5}.Debug|iPhone.Build.0 = Debug|x86
		{B6733C22-CFC1-451A-9B87-DB1B1943C4C5}.Debug|iPhone.Deploy.0 = Debug|x86
		{B6733C22-CFC1-451A-9B87-DB1B1943C4C5}.Debug|iPhoneSimulator.ActiveCfg = Debug|x86
		{B6733C22-CFC1-451A-9B87-DB1B1943C4C5}.Debug|iPhoneSimulator.Build.0 = Debug|x86
		{B6733C22-CFC1-451A-9B87-DB1B1943C4C5}.Debug|iPhoneSimulator.Deploy.0 = Debug|x86
		{B6733C22-CFC1-451A-9B87-DB1B1943C4C5}.Debug|x64.ActiveCfg = Debug|x64
		{B6733C22-CFC1-451A-9B87-DB1B1943C4C5}.Debug|x64.Build.0 = Debug|x64
		{B6733C22-CFC1-451A-9B87-DB1B1943C4C5}.Debug|x64.Deploy.0 = Debug|x64
		{B6733C22-CFC1-451A-9B87-DB1B1943C4C5}.Debug|x86.ActiveCfg = Debug|x86
		{B6733C22-CFC1-451A-9B87-DB1B1943C4C5}.Debug|x86.Build.0 = Debug|x86
		{B6733C22-CFC1-451A-9B87-DB1B1943C4C5}.Debug|x86.Deploy.0 = Debug|x86
		{B6733C22-CFC1-451A-9B87-DB1B1943C4C5}.Release|Any CPU.ActiveCfg = Release|x86
		{B6733C22-CFC1-451A-9B87-DB1B1943C4C5}.Release|Any CPU.Build.0 = Release|x86
		{B6733C22-CFC1-451A-9B87-DB1B1943C4C5}.Release|Any CPU.Deploy.0 = Release|x86
		{B6733C22-CFC1-451A-9B87-DB1B1943C4C5}.Release|ARM.ActiveCfg = Release|ARM
		{B6733C22-CFC1-451A-9B87-DB1B1943C4C5}.Release|ARM.Build.0 = Release|ARM
		{B6733C22-CFC1-451A-9B87-DB1B1943C4C5}.Release|ARM.Deploy.0 = Release|ARM
		{B6733C22-CFC1-451A-9B87-DB1B1943C4C5}.Release|iPhone.ActiveCfg = Release|x86
		{B6733C22-CFC1-451A-9B87-DB1B1943C4C5}.Release|iPhone.Build.0 = Release|x86
		{B6733C22-CFC1-451A-9B87-DB1B1943C4C5}.Release|iPhone.Deploy.0 = Release|x86
		{B6733C22-CFC1-451A-9B87-DB1B1943C4C5}.Release|iPhoneSimulator.ActiveCfg = Release|x86
		{B6733C22-CFC1-451A-9B87-DB1B1943C4C5}.Release|iPhoneSimulator.Build.0 = Release|x86
		{B6733C22-CFC1-451A-9B87-DB1B1943C4C5}.Release|iPhoneSimulator.Deploy.0 = Release|x86
		{B6733C22-CFC1-451A-9B87-DB1B1943C4C5}.Release|x64.ActiveCfg = Release|x64
		{B6733C22-CFC1-451A-9B87-DB1B1943C4C5}.Release|x64.Build.0 = Release|x64
		{B6733C22-CFC1-451A-9B87-DB1B1943C4C5}.Release|x64.Deploy.0 = Release|x64
		{B6733C22-CFC1-451A-9B87-DB1B1943C4C5}.Release|x86.ActiveCfg = Release|x86
		{B6733C22-CFC1-451A-9B87-DB1B1943C4C5}.Release|x86.Build.0 = Release|x86
		{B6733C22-CFC1-451A-9B87-DB1B1943C4C5}.Release|x86.Deploy.0 = Release|x86
		{E344DB79-6D56-414F-9F0D-655991E7D36F}.Ad-Hoc|Any CPU.ActiveCfg = Debug|Any CPU
		{E344DB79-6D56-414F-9F0D-655991E7D36F}.Ad-Hoc|Any CPU.Build.0 = Debug|Any CPU
		{E344DB79-6D56-414F-9F0D-655991E7D36F}.Ad-Hoc|Any CPU.Deploy.0 = Debug|Any CPU
		{E344DB79-6D56-414F-9F0D-655991E7D36F}.Ad-Hoc|ARM.ActiveCfg = Debug|Any CPU
		{E344DB79-6D56-414F-9F0D-655991E7D36F}.Ad-Hoc|ARM.Build.0 = Debug|Any CPU
		{E344DB79-6D56-414F-9F0D-655991E7D36F}.Ad-Hoc|ARM.Deploy.0 = Debug|Any CPU
		{E344DB79-6D56-414F-9F0D-655991E7D36F}.Ad-Hoc|iPhone.ActiveCfg = Debug|Any CPU
		{E344DB79-6D56-414F-9F0D-655991E7D36F}.Ad-Hoc|iPhone.Build.0 = Debug|Any CPU
		{E344DB79-6D56-414F-9F0D-655991E7D36F}.Ad-Hoc|iPhone.Deploy.0 = Debug|Any CPU
		{E344DB79-6D56-414F-9F0D-655991E7D36F}.Ad-Hoc|iPhoneSimulator.ActiveCfg = Debug|Any CPU
		{E344DB79-6D56-414F-9F0D-655991E7D36F}.Ad-Hoc|iPhoneSimulator.Build.0 = Debug|Any CPU
		{E344DB79-6D56-414F-9F0D-655991E7D36F}.Ad-Hoc|iPhoneSimulator.Deploy.0 = Debug|Any CPU
		{E344DB79-6D56-414F-9F0D-655991E7D36F}.Ad-Hoc|x64.ActiveCfg = Debug|Any CPU
		{E344DB79-6D56-414F-9F0D-655991E7D36F}.Ad-Hoc|x64.Build.0 = Debug|Any CPU
		{E344DB79-6D56-414F-9F0D-655991E7D36F}.Ad-Hoc|x64.Deploy.0 = Debug|Any CPU
		{E344DB79-6D56-414F-9F0D-655991E7D36F}.Ad-Hoc|x86.ActiveCfg = Debug|Any CPU
		{E344DB79-6D56-414F-9F0D-655991E7D36F}.Ad-Hoc|x86.Build.0 = Debug|Any CPU
		{E344DB79-6D56-414F-9F0D-655991E7D36F}.Ad-Hoc|x86.Deploy.0 = Debug|Any CPU
		{E344DB79-6D56-414F-9F0D-655991E7D36F}.AppStore|Any CPU.ActiveCfg = Debug|Any CPU
		{E344DB79-6D56-414F-9F0D-655991E7D36F}.AppStore|Any CPU.Build.0 = Debug|Any CPU
		{E344DB79-6D56-414F-9F0D-655991E7D36F}.AppStore|Any CPU.Deploy.0 = Debug|Any CPU
		{E344DB79-6D56-414F-9F0D-655991E7D36F}.AppStore|ARM.ActiveCfg = Debug|Any CPU
		{E344DB79-6D56-414F-9F0D-655991E7D36F}.AppStore|ARM.Build.0 = Debug|Any CPU
		{E344DB79-6D56-414F-9F0D-655991E7D36F}.AppStore|ARM.Deploy.0 = Debug|Any CPU
		{E344DB79-6D56-414F-9F0D-655991E7D36F}.AppStore|iPhone.ActiveCfg = Debug|Any CPU
		{E344DB79-6D56-414F-9F0D-655991E7D36F}.AppStore|iPhone.Build.0 = Debug|Any CPU
		{E344DB79-6D56-414F-9F0D-655991E7D36F}.AppStore|iPhone.Deploy.0 = Debug|Any CPU
		{E344DB79-6D56-414F-9F0D-655991E7D36F}.AppStore|iPhoneSimulator.ActiveCfg = Debug|Any CPU
		{E344DB79-6D56-414F-9F0D-655991E7D36F}.AppStore|iPhoneSimulator.Build.0 = Debug|Any CPU
		{E344DB79-6D56-414F-9F0D-655991E7D36F}.AppStore|iPhoneSimulator.Deploy.0 = Debug|Any CPU
		{E344DB79-6D56-414F-9F0D-655991E7D36F}.AppStore|x64.ActiveCfg = Debug|Any CPU
		{E344DB79-6D56-414F-9F0D-655991E7D36F}.AppStore|x64.Build.0 = Debug|Any CPU
		{E344DB79-6D56-414F-9F0D-655991E7D36F}.AppStore|x64.Deploy.0 = Debug|Any CPU
		{E344DB79-6D56-414F-9F0D-655991E7D36F}.AppStore|x86.ActiveCfg = Debug|Any CPU
		{E344DB79-6D56-414F-9F0D-655991E7D36F}.AppStore|x86.Build.0 = Debug|Any CPU
		{E344DB79-6D56-414F-9F0D-655991E7D36F}.AppStore|x86.Deploy.0 = Debug|Any CPU
		{E344DB79-6D56-414F-9F0D-655991E7D36F}.Debug|Any CPU.ActiveCfg = Debug|Any CPU
		{E344DB79-6D56-414F-9F0D-655991E7D36F}.Debug|Any CPU.Build.0 = Debug|Any CPU
		{E344DB79-6D56-414F-9F0D-655991E7D36F}.Debug|Any CPU.Deploy.0 = Debug|Any CPU
		{E344DB79-6D56-414F-9F0D-655991E7D36F}.Debug|ARM.ActiveCfg = Debug|Any CPU
		{E344DB79-6D56-414F-9F0D-655991E7D36F}.Debug|ARM.Build.0 = Debug|Any CPU
		{E344DB79-6D56-414F-9F0D-655991E7D36F}.Debug|ARM.Deploy.0 = Debug|Any CPU
		{E344DB79-6D56-414F-9F0D-655991E7D36F}.Debug|iPhone.ActiveCfg = Debug|Any CPU
		{E344DB79-6D56-414F-9F0D-655991E7D36F}.Debug|iPhone.Build.0 = Debug|Any CPU
		{E344DB79-6D56-414F-9F0D-655991E7D36F}.Debug|iPhone.Deploy.0 = Debug|Any CPU
		{E344DB79-6D56-414F-9F0D-655991E7D36F}.Debug|iPhoneSimulator.ActiveCfg = Debug|Any CPU
		{E344DB79-6D56-414F-9F0D-655991E7D36F}.Debug|iPhoneSimulator.Build.0 = Debug|Any CPU
		{E344DB79-6D56-414F-9F0D-655991E7D36F}.Debug|iPhoneSimulator.Deploy.0 = Debug|Any CPU
		{E344DB79-6D56-414F-9F0D-655991E7D36F}.Debug|x64.ActiveCfg = Debug|Any CPU
		{E344DB79-6D56-414F-9F0D-655991E7D36F}.Debug|x64.Build.0 = Debug|Any CPU
		{E344DB79-6D56-414F-9F0D-655991E7D36F}.Debug|x64.Deploy.0 = Debug|Any CPU
		{E344DB79-6D56-414F-9F0D-655991E7D36F}.Debug|x86.ActiveCfg = Debug|Any CPU
		{E344DB79-6D56-414F-9F0D-655991E7D36F}.Debug|x86.Build.0 = Debug|Any CPU
		{E344DB79-6D56-414F-9F0D-655991E7D36F}.Debug|x86.Deploy.0 = Debug|Any CPU
		{E344DB79-6D56-414F-9F0D-655991E7D36F}.Release|Any CPU.ActiveCfg = Release|Any CPU
		{E344DB79-6D56-414F-9F0D-655991E7D36F}.Release|Any CPU.Build.0 = Release|Any CPU
		{E344DB79-6D56-414F-9F0D-655991E7D36F}.Release|Any CPU.Deploy.0 = Release|Any CPU
		{E344DB79-6D56-414F-9F0D-655991E7D36F}.Release|ARM.ActiveCfg = Release|Any CPU
		{E344DB79-6D56-414F-9F0D-655991E7D36F}.Release|ARM.Build.0 = Release|Any CPU
		{E344DB79-6D56-414F-9F0D-655991E7D36F}.Release|ARM.Deploy.0 = Release|Any CPU
		{E344DB79-6D56-414F-9F0D-655991E7D36F}.Release|iPhone.ActiveCfg = Release|Any CPU
		{E344DB79-6D56-414F-9F0D-655991E7D36F}.Release|iPhone.Build.0 = Release|Any CPU
		{E344DB79-6D56-414F-9F0D-655991E7D36F}.Release|iPhone.Deploy.0 = Release|Any CPU
		{E344DB79-6D56-414F-9F0D-655991E7D36F}.Release|iPhoneSimulator.ActiveCfg = Release|Any CPU
		{E344DB79-6D56-414F-9F0D-655991E7D36F}.Release|iPhoneSimulator.Build.0 = Release|Any CPU
		{E344DB79-6D56-414F-9F0D-655991E7D36F}.Release|iPhoneSimulator.Deploy.0 = Release|Any CPU
		{E344DB79-6D56-414F-9F0D-655991E7D36F}.Release|x64.ActiveCfg = Release|Any CPU
		{E344DB79-6D56-414F-9F0D-655991E7D36F}.Release|x64.Build.0 = Release|Any CPU
		{E344DB79-6D56-414F-9F0D-655991E7D36F}.Release|x64.Deploy.0 = Release|Any CPU
		{E344DB79-6D56-414F-9F0D-655991E7D36F}.Release|x86.ActiveCfg = Release|Any CPU
		{E344DB79-6D56-414F-9F0D-655991E7D36F}.Release|x86.Build.0 = Release|Any CPU
		{E344DB79-6D56-414F-9F0D-655991E7D36F}.Release|x86.Deploy.0 = Release|Any CPU
	EndGlobalSection
	GlobalSection(SolutionProperties) = preSolution
		HideSolutionNode = FALSE
	EndGlobalSection
	GlobalSection(ExtensibilityGlobals) = postSolution
		SolutionGuid = {472EA35F-118F-4168-80AF-0D9DEA47268A}
	EndGlobalSection
EndGlobal
